
Microsoft Visual Studio Solution File, Format Version 12.00
# Visual Studio Version 17
VisualStudioVersion = 17.11.35327.3
MinimumVisualStudioVersion = 10.0.40219.1
Project("{9A19103F-16F7-4668-BE54-9A1E7A4F7556}") = "ParcelPriceOptimizer", "ParcelPriceOptimizer\ParcelPriceOptimizer.csproj", "{25DD59BF-3226-4185-9E11-7866C37BB14D}"
EndProject
Project("{9A19103F-16F7-4668-BE54-9A1E7A4F7556}") = "ParcelPriceOptimizer.DAL", "ParcelPriceOptimizer.DAL\ParcelPriceOptimizer.DAL.csproj", "{CA490F53-45D0-4D18-806D-9E9508989A53}"
EndProject
Project("{9A19103F-16F7-4668-BE54-9A1E7A4F7556}") = "ParcelPriceOptimizer.BLL", "ParcelPriceOptimizer.BLL\ParcelPriceOptimizer.BLL.csproj", "{129706FE-E441-446B-91C5-9387D1EAD24A}"
EndProject
Project("{9A19103F-16F7-4668-BE54-9A1E7A4F7556}") = "ParcelPriceOptimizer.Common", "ParcelPriceCalculator.Common\ParcelPriceOptimizer.Common.csproj", "{55AA1A17-7C3C-4514-AD13-B377986833D2}"
EndProject
Project("{FAE04EC0-301F-11D3-BF4B-00C04F79EFBC}") = "ParcelPriceOptimizer.Tests", "ParcelPriceOptimizer.Tests\ParcelPriceOptimizer.Tests.csproj", "{A8E45610-34F9-4DAD-B9DB-DB6948AED4AB}"
EndProject
Global
	GlobalSection(SolutionConfigurationPlatforms) = preSolution
		Debug|Any CPU = Debug|Any CPU
		Release|Any CPU = Release|Any CPU
	EndGlobalSection
	GlobalSection(ProjectConfigurationPlatforms) = postSolution
		{25DD59BF-3226-4185-9E11-7866C37BB14D}.Debug|Any CPU.ActiveCfg = Debug|Any CPU
		{25DD59BF-3226-4185-9E11-7866C37BB14D}.Debug|Any CPU.Build.0 = Debug|Any CPU
		{25DD59BF-3226-4185-9E11-7866C37BB14D}.Release|Any CPU.ActiveCfg = Release|Any CPU
		{25DD59BF-3226-4185-9E11-7866C37BB14D}.Release|Any CPU.Build.0 = Release|Any CPU
		{CA490F53-45D0-4D18-806D-9E9508989A53}.Debug|Any CPU.ActiveCfg = Debug|Any CPU
		{CA490F53-45D0-4D18-806D-9E9508989A53}.Debug|Any CPU.Build.0 = Debug|Any CPU
		{CA490F53-45D0-4D18-806D-9E9508989A53}.Release|Any CPU.ActiveCfg = Release|Any CPU
		{CA490F53-45D0-4D18-806D-9E9508989A53}.Release|Any CPU.Build.0 = Release|Any CPU
		{129706FE-E441-446B-91C5-9387D1EAD24A}.Debug|Any CPU.ActiveCfg = Debug|Any CPU
		{129706FE-E441-446B-91C5-9387D1EAD24A}.Debug|Any CPU.Build.0 = Debug|Any CPU
		{129706FE-E441-446B-91C5-9387D1EAD24A}.Release|Any CPU.ActiveCfg = Release|Any CPU
		{129706FE-E441-446B-91C5-9387D1EAD24A}.Release|Any CPU.Build.0 = Release|Any CPU
		{55AA1A17-7C3C-4514-AD13-B377986833D2}.Debug|Any CPU.ActiveCfg = Debug|Any CPU
		{55AA1A17-7C3C-4514-AD13-B377986833D2}.Debug|Any CPU.Build.0 = Debug|Any CPU
		{55AA1A17-7C3C-4514-AD13-B377986833D2}.Release|Any CPU.ActiveCfg = Release|Any CPU
		{55AA1A17-7C3C-4514-AD13-B377986833D2}.Release|Any CPU.Build.0 = Release|Any CPU
		{A8E45610-34F9-4DAD-B9DB-DB6948AED4AB}.Debug|Any CPU.ActiveCfg = Debug|Any CPU
		{A8E45610-34F9-4DAD-B9DB-DB6948AED4AB}.Debug|Any CPU.Build.0 = Debug|Any CPU
		{A8E45610-34F9-4DAD-B9DB-DB6948AED4AB}.Release|Any CPU.ActiveCfg = Release|Any CPU
		{A8E45610-34F9-4DAD-B9DB-DB6948AED4AB}.Release|Any CPU.Build.0 = Release|Any CPU
	EndGlobalSection
	GlobalSection(SolutionProperties) = preSolution
		HideSolutionNode = FALSE
	EndGlobalSection
	GlobalSection(ExtensibilityGlobals) = postSolution
		SolutionGuid = {9A4B2B7F-A52F-474B-AEE5-86C1E772D84D}
	EndGlobalSection
EndGlobal
